{
  "version": 4,
  "terraform_version": "0.12.0",
  "serial": 15,
  "lineage": "878bad5d-fb61-cf88-e4f5-98ee727df5ae",
  "outputs": {
    "master_public_ip": {
      "value": [
        "63.32.106.185"
      ],
      "type": [
        "tuple",
        [
          "string"
        ]
      ]
    },
    "worker1_public_ip": {
      "value": [
        "52.19.105.175"
      ],
      "type": [
        "tuple",
        [
          "string"
        ]
      ]
    }
  },
  "resources": [
    {
      "mode": "managed",
      "type": "aws_instance",
      "name": "vm_docker_master",
      "provider": "provider.aws",
      "instances": [
        {
          "schema_version": 1,
          "attributes": {
            "ami": "ami-03c242f4af81b2365",
            "arn": "arn:aws:ec2:eu-west-1:217993088031:instance/i-00f97e64c4c120fca",
            "associate_public_ip_address": true,
            "availability_zone": "eu-west-1b",
            "cpu_core_count": 1,
            "cpu_threads_per_core": 1,
            "credit_specification": [
              {
                "cpu_credits": "standard"
              }
            ],
            "disable_api_termination": false,
            "ebs_block_device": [],
            "ebs_optimized": false,
            "ephemeral_block_device": [],
            "get_password_data": false,
            "host_id": null,
            "iam_instance_profile": "",
            "id": "i-00f97e64c4c120fca",
            "instance_initiated_shutdown_behavior": null,
            "instance_state": "running",
            "instance_type": "t2.micro",
            "ipv6_address_count": 0,
            "ipv6_addresses": [],
            "key_name": "VladimirMarchuk test_key",
            "monitoring": false,
            "network_interface": [],
            "network_interface_id": null,
            "password_data": "",
            "placement_group": "",
            "primary_network_interface_id": "eni-025d9efa79fd9bf95",
            "private_dns": "ip-172-31-19-221.eu-west-1.compute.internal",
            "private_ip": "172.31.19.221",
            "public_dns": "ec2-63-32-106-185.eu-west-1.compute.amazonaws.com",
            "public_ip": "63.32.106.185",
            "root_block_device": [
              {
                "delete_on_termination": true,
                "iops": 100,
                "volume_id": "vol-0329f5e5ef70fc6c4",
                "volume_size": 8,
                "volume_type": "gp2"
              }
            ],
            "security_groups": [
              "vm_docker_swarm_SG"
            ],
            "source_dest_check": true,
            "subnet_id": "subnet-9cd1a2d4",
            "tags": {
              "Name": "VladimirMarchuk/master"
            },
            "tenancy": "default",
            "timeouts": null,
            "user_data": "4bab9a146b0def4de02eaa4d963cfe330961b70e",
            "user_data_base64": null,
            "volume_tags": {},
            "vpc_security_group_ids": [
              "sg-03918a147ad9cf1f8"
            ]
          },
          "depends_on": [
            "aws_security_group.vm_docker_swarm_SG"
          ]
        }
      ]
    },
    {
      "mode": "managed",
      "type": "aws_instance",
      "name": "vm_docker_worker",
      "provider": "provider.aws",
      "instances": [
        {
          "schema_version": 1,
          "attributes": {
            "ami": "ami-03c242f4af81b2365",
            "arn": "arn:aws:ec2:eu-west-1:217993088031:instance/i-0669b6a968f0e1e0a",
            "associate_public_ip_address": true,
            "availability_zone": "eu-west-1b",
            "cpu_core_count": 1,
            "cpu_threads_per_core": 1,
            "credit_specification": [
              {
                "cpu_credits": "standard"
              }
            ],
            "disable_api_termination": false,
            "ebs_block_device": [],
            "ebs_optimized": false,
            "ephemeral_block_device": [],
            "get_password_data": false,
            "host_id": null,
            "iam_instance_profile": "",
            "id": "i-0669b6a968f0e1e0a",
            "instance_initiated_shutdown_behavior": null,
            "instance_state": "running",
            "instance_type": "t2.micro",
            "ipv6_address_count": 0,
            "ipv6_addresses": [],
            "key_name": "VladimirMarchuk test_key",
            "monitoring": false,
            "network_interface": [],
            "network_interface_id": null,
            "password_data": "",
            "placement_group": "",
            "primary_network_interface_id": "eni-015dc366d4423efb6",
            "private_dns": "ip-172-31-21-42.eu-west-1.compute.internal",
            "private_ip": "172.31.21.42",
            "public_dns": "ec2-52-19-105-175.eu-west-1.compute.amazonaws.com",
            "public_ip": "52.19.105.175",
            "root_block_device": [
              {
                "delete_on_termination": true,
                "iops": 100,
                "volume_id": "vol-0bbddc793c2ec205a",
                "volume_size": 8,
                "volume_type": "gp2"
              }
            ],
            "security_groups": [
              "vm_docker_swarm_SG"
            ],
            "source_dest_check": true,
            "subnet_id": "subnet-9cd1a2d4",
            "tags": {
              "Name": "VladimirMarchuk/worker"
            },
            "tenancy": "default",
            "timeouts": null,
            "user_data": "4bab9a146b0def4de02eaa4d963cfe330961b70e",
            "user_data_base64": null,
            "volume_tags": {},
            "vpc_security_group_ids": [
              "sg-03918a147ad9cf1f8"
            ]
          },
          "depends_on": [
            "aws_security_group.vm_docker_swarm_SG"
          ]
        }
      ]
    },
    {
      "mode": "managed",
      "type": "aws_security_group",
      "name": "vm_docker_swarm_SG",
      "provider": "provider.aws",
      "instances": [
        {
          "schema_version": 1,
          "attributes": {
            "arn": "arn:aws:ec2:eu-west-1:217993088031:security-group/sg-03918a147ad9cf1f8",
            "description": "Security group for docker swarm cluster",
            "egress": [
              {
                "cidr_blocks": [
                  "0.0.0.0/0"
                ],
                "description": "",
                "from_port": 0,
                "ipv6_cidr_blocks": [],
                "prefix_list_ids": [],
                "protocol": "tcp",
                "security_groups": [],
                "self": false,
                "to_port": 65535
              }
            ],
            "id": "sg-03918a147ad9cf1f8",
            "ingress": [
              {
                "cidr_blocks": [
                  "0.0.0.0/0"
                ],
                "description": "",
                "from_port": -1,
                "ipv6_cidr_blocks": [],
                "prefix_list_ids": [],
                "protocol": "icmp",
                "security_groups": [],
                "self": false,
                "to_port": -1
              },
              {
                "cidr_blocks": [
                  "0.0.0.0/0"
                ],
                "description": "",
                "from_port": 0,
                "ipv6_cidr_blocks": [],
                "prefix_list_ids": [],
                "protocol": "tcp",
                "security_groups": [],
                "self": false,
                "to_port": 65535
              }
            ],
            "name": "vm_docker_swarm_SG",
            "name_prefix": null,
            "owner_id": "217993088031",
            "revoke_rules_on_delete": false,
            "tags": {
              "Name": "VM_SG"
            },
            "timeouts": null,
            "vpc_id": "vpc-b8daecde"
          }
        }
      ]
    }
  ]
}
